// !$*UTF8*$!
{
	archiveVersion = 1;
	classes = {
	};
	objectVersion = 46;
	objects = {

/* Begin PBXBuildFile section */
		1A8C63F31A408BC0006A2535 /* main.m in Sources */ = {isa = PBXBuildFile; fileRef = 1A8C63F21A408BC0006A2535 /* main.m */; };
		1A8C63F61A408BC0006A2535 /* AppDelegate.m in Sources */ = {isa = PBXBuildFile; fileRef = 1A8C63F51A408BC0006A2535 /* AppDelegate.m */; };
		1A8C63F91A408BC0006A2535 /* MasterViewController.m in Sources */ = {isa = PBXBuildFile; fileRef = 1A8C63F81A408BC0006A2535 /* MasterViewController.m */; };
		1A8C63FC1A408BC0006A2535 /* DetailViewController.m in Sources */ = {isa = PBXBuildFile; fileRef = 1A8C63FB1A408BC0006A2535 /* DetailViewController.m */; };
		1A8C63FF1A408BC0006A2535 /* Main.storyboard in Resources */ = {isa = PBXBuildFile; fileRef = 1A8C63FD1A408BC0006A2535 /* Main.storyboard */; };
		1A8C64011A408BC0006A2535 /* Images.xcassets in Resources */ = {isa = PBXBuildFile; fileRef = 1A8C64001A408BC0006A2535 /* Images.xcassets */; };
		1A8C64041A408BC0006A2535 /* LaunchScreen.xib in Resources */ = {isa = PBXBuildFile; fileRef = 1A8C64021A408BC0006A2535 /* LaunchScreen.xib */; };
		1A8C64101A408BC0006A2535 /* TestAppTests.m in Sources */ = {isa = PBXBuildFile; fileRef = 1A8C640F1A408BC0006A2535 /* TestAppTests.m */; };
/* End PBXBuildFile section */

/* Begin PBXContainerItemProxy section */
		1A8C640A1A408BC0006A2535 /* PBXContainerItemProxy */ = {
			isa = PBXContainerItemProxy;
			containerPortal = 1A8C63E51A408BC0006A2535 /* Project object */;
			proxyType = 1;
			remoteGlobalIDString = 1A8C63EC1A408BC0006A2535;
			remoteInfo = TestApp;
		};
/* End PBXContainerItemProxy section */

/* Begin PBXFileReference section */
		1A8C63ED1A408BC0006A2535 /* TestApp.app */ = {isa = PBXFileReference; explicitFileType = wrapper.application; includeInIndex = 0; path = TestApp.app; sourceTree = BUILT_PRODUCTS_DIR; };
		1A8C63F11A408BC0006A2535 /* Info.plist */ = {isa = PBXFileReference; lastKnownFileType = text.plist.xml; path = Info.plist; sourceTree = "<group>"; };
		1A8C63F21A408BC0006A2535 /* main.m */ = {isa = PBXFileReference; lastKnownFileType = sourcecode.c.objc; path = main.m; sourceTree = "<group>"; };
		1A8C63F41A408BC0006A2535 /* AppDelegate.h */ = {isa = PBXFileReference; lastKnownFileType = sourcecode.c.h; path = AppDelegate.h; sourceTree = "<group>"; };
		1A8C63F51A408BC0006A2535 /* AppDelegate.m */ = {isa = PBXFileReference; lastKnownFileType = sourcecode.c.objc; path = AppDelegate.m; sourceTree = "<group>"; };
		1A8C63F71A408BC0006A2535 /* MasterViewController.h */ = {isa = PBXFileReference; lastKnownFileType = sourcecode.c.h; path = MasterViewController.h; sourceTree = "<group>"; };
		1A8C63F81A408BC0006A2535 /* MasterViewController.m */ = {isa = PBXFileReference; lastKnownFileType = sourcecode.c.objc; path = MasterViewController.m; sourceTree = "<group>"; };
		1A8C63FA1A408BC0006A2535 /* DetailViewController.h */ = {isa = PBXFileReference; lastKnownFileType = sourcecode.c.h; path = DetailViewController.h; sourceTree = "<group>"; };
		1A8C63FB1A408BC0006A2535 /* DetailViewController.m */ = {isa = PBXFileReference; lastKnownFileType = sourcecode.c.objc; path = DetailViewController.m; sourceTree = "<group>"; };
		1A8C63FE1A408BC0006A2535 /* Base */ = {isa = PBXFileReference; lastKnownFileType = file.storyboard; name = Base; path = Base.lproj/Main.storyboard; sourceTree = "<group>"; };
		1A8C64001A408BC0006A2535 /* Images.xcassets */ = {isa = PBXFileReference; lastKnownFileType = folder.assetcatalog; path = Images.xcassets; sourceTree = "<group>"; };
		1A8C64031A408BC0006A2535 /* Base */ = {isa = PBXFileReference; lastKnownFileType = file.xib; name = Base; path = Base.lproj/LaunchScreen.xib; sourceTree = "<group>"; };
		1A8C64091A408BC0006A2535 /* TestAppTests.xctest */ = {isa = PBXFileReference; explicitFileType = wrapper.cfbundle; includeInIndex = 0; path = TestAppTests.xctest; sourceTree = BUILT_PRODUCTS_DIR; };
		1A8C640E1A408BC0006A2535 /* Info.plist */ = {isa = PBXFileReference; lastKnownFileType = text.plist.xml; path = Info.plist; sourceTree = "<group>"; };
		1A8C640F1A408BC0006A2535 /* TestAppTests.m */ = {isa = PBXFileReference; lastKnownFileType = sourcecode.c.objc; path = TestAppTests.m; sourceTree = "<group>"; };
/* End PBXFileReference section */

/* Begin PBXFrameworksBuildPhase section */
		1A8C63EA1A408BC0006A2535 /* Frameworks */ = {
			isa = PBXFrameworksBuildPhase;
			buildActionMask = 2147483647;
			files = (
			);
			runOnlyForDeploymentPostprocessing = 0;
		};
		1A8C64061A408BC0006A2535 /* Frameworks */ = {
			isa = PBXFrameworksBuildPhase;
			buildActionMask = 2147483647;
			files = (
			);
			runOnlyForDeploymentPostprocessing = 0;
		};
/* End PBXFrameworksBuildPhase section */

/* Begin PBXGroup section */
		1A8C63E41A408BC0006A2535 = {
			isa = PBXGroup;
			children = (
				1A8C63EF1A408BC0006A2535 /* TestApp */,
				1A8C640C1A408BC0006A2535 /* TestAppTests */,
				1A8C63EE1A408BC0006A2535 /* Products */,
			);
			sourceTree = "<group>";
		};
		1A8C63EE1A408BC0006A2535 /* Products */ = {
			isa = PBXGroup;
			children = (
				1A8C63ED1A408BC0006A2535 /* TestApp.app */,
				1A8C64091A408BC0006A2535 /* TestAppTests.xctest */,
			);
			name = Products;
			sourceTree = "<group>";
		};
		1A8C63EF1A408BC0006A2535 /* TestApp */ = {
			isa = PBXGroup;
			children = (
				1A8C63F41A408BC0006A2535 /* AppDelegate.h */,
				1A8C63F51A408BC0006A2535 /* AppDelegate.m */,
				1A8C63F71A408BC0006A2535 /* MasterViewController.h */,
				1A8C63F81A408BC0006A2535 /* MasterViewController.m */,
				1A8C63FA1A408BC0006A2535 /* DetailViewController.h */,
				1A8C63FB1A408BC0006A2535 /* DetailViewController.m */,
				1A8C63FD1A408BC0006A2535 /* Main.storyboard */,
				1A8C64001A408BC0006A2535 /* Images.xcassets */,
				1A8C64021A408BC0006A2535 /* LaunchScreen.xib */,
				1A8C63F01A408BC0006A2535 /* Supporting Files */,
			);
			path = TestApp;
			sourceTree = "<group>";
		};
		1A8C63F01A408BC0006A2535 /* Supporting Files */ = {
			isa = PBXGroup;
			children = (
				1A8C63F11A408BC0006A2535 /* Info.plist */,
				1A8C63F21A408BC0006A2535 /* main.m */,
			);
			name = "Supporting Files";
			sourceTree = "<group>";
		};
		1A8C640C1A408BC0006A2535 /* TestAppTests */ = {
			isa = PBXGroup;
			children = (
				1A8C640F1A408BC0006A2535 /* TestAppTests.m */,
				1A8C640D1A408BC0006A2535 /* Supporting Files */,
			);
			path = TestAppTests;
			sourceTree = "<group>";
		};
		1A8C640D1A408BC0006A2535 /* Supporting Files */ = {
			isa = PBXGroup;
			children = (
				1A8C640E1A408BC0006A2535 /* Info.plist */,
			);
			name = "Supporting Files";
			sourceTree = "<group>";
		};
/* End PBXGroup section */

/* Begin PBXNativeTarget section */
		1A8C63EC1A408BC0006A2535 /* TestApp */ = {
			isa = PBXNativeTarget;
			buildConfigurationList = 1A8C64131A408BC0006A2535 /* Build configuration list for PBXNativeTarget "TestApp" */;
			buildPhases = (
				1A8C63E91A408BC0006A2535 /* Sources */,
				1A8C63EA1A408BC0006A2535 /* Frameworks */,
				1A8C63EB1A408BC0006A2535 /* Resources */,
			);
			buildRules = (
			);
			dependencies = (
			);
			name = TestApp;
			productName = TestApp;
			productReference = 1A8C63ED1A408BC0006A2535 /* TestApp.app */;
			productType = "com.apple.product-type.application";
		};
		1A8C64081A408BC0006A2535 /* TestAppTests */ = {
			isa = PBXNativeTarget;
			buildConfigurationList = 1A8C64161A408BC0006A2535 /* Build configuration list for PBXNativeTarget "TestAppTests" */;
			buildPhases = (
				1A8C64051A408BC0006A2535 /* Sources */,
				1A8C64061A408BC0006A2535 /* Frameworks */,
				1A8C64071A408BC0006A2535 /* Resources */,
			);
			buildRules = (
			);
			dependencies = (
				1A8C640B1A408BC0006A2535 /* PBXTargetDependency */,
			);
			name = TestAppTests;
			productName = TestAppTests;
			productReference = 1A8C64091A408BC0006A2535 /* TestAppTests.xctest */;
			productType = "com.apple.product-type.bundle.unit-test";
		};
/* End PBXNativeTarget section */

/* Begin PBXProject section */
		1A8C63E51A408BC0006A2535 /* Project object */ = {
			isa = PBXProject;
			attributes = {
				LastUpgradeCheck = 0610;
				ORGANIZATIONNAME = peekaboo;
				TargetAttributes = {
					1A8C63EC1A408BC0006A2535 = {
						CreatedOnToolsVersion = 6.1.1;
					};
					1A8C64081A408BC0006A2535 = {
						CreatedOnToolsVersion = 6.1.1;
						TestTargetID = 1A8C63EC1A408BC0006A2535;
					};
				};
			};
			buildConfigurationList = 1A8C63E81A408BC0006A2535 /* Build configuration list for PBXProject "TestApp" */;
			compatibilityVersion = "Xcode 3.2";
			developmentRegion = English;
			hasScannedForEncodings = 0;
			knownRegions = (
				en,
				Base,
			);
			mainGroup = 1A8C63E41A408BC0006A2535;
			productRefGroup = 1A8C63EE1A408BC0006A2535 /* Products */;
			projectDirPath = "";
			projectRoot = "";
			targets = (
				1A8C63EC1A408BC0006A2535 /* TestApp */,
				1A8C64081A408BC0006A2535 /* TestAppTests */,
			);
		};
/* End PBXProject section */

/* Begin PBXResourcesBuildPhase section */
		1A8C63EB1A408BC0006A2535 /* Resources */ = {
			isa = PBXResourcesBuildPhase;
			buildActionMask = 2147483647;
			files = (
				1A8C63FF1A408BC0006A2535 /* Main.storyboard in Resources */,
				1A8C64041A408BC0006A2535 /* LaunchScreen.xib in Resources */,
				1A8C64011A408BC0006A2535 /* Images.xcassets in Resources */,
			);
			runOnlyForDeploymentPostprocessing = 0;
		};
		1A8C64071A408BC0006A2535 /* Resources */ = {
			isa = PBXResourcesBuildPhase;
			buildActionMask = 2147483647;
			files = (
			);
			runOnlyForDeploymentPostprocessing = 0;
		};
/* End PBXResourcesBuildPhase section */

/* Begin PBXSourcesBuildPhase section */
		1A8C63E91A408BC0006A2535 /* Sources */ = {
			isa = PBXSourcesBuildPhase;
			buildActionMask = 2147483647;
			files = (
				1A8C63F61A408BC0006A2535 /* AppDelegate.m in Sources */,
				1A8C63F91A408BC0006A2535 /* MasterViewController.m in Sources */,
				1A8C63F31A408BC0006A2535 /* main.m in Sources */,
				1A8C63FC1A408BC0006A2535 /* DetailViewController.m in Sources */,
			);
			runOnlyForDeploymentPostprocessing = 0;
		};
		1A8C64051A408BC0006A2535 /* Sources */ = {
			isa = PBXSourcesBuildPhase;
			buildActionMask = 2147483647;
			files = (
				1A8C64101A408BC0006A2535 /* TestAppTests.m in Sources */,
			);
			runOnlyForDeploymentPostprocessing = 0;
		};
/* End PBXSourcesBuildPhase section */

/* Begin PBXTargetDependency section */
		1A8C640B1A408BC0006A2535 /* PBXTargetDependency */ = {
			isa = PBXTargetDependency;
			target = 1A8C63EC1A408BC0006A2535 /* TestApp */;
			targetProxy = 1A8C640A1A408BC0006A2535 /* PBXContainerItemProxy */;
		};
/* End PBXTargetDependency section */

/* Begin PBXVariantGroup section */
		1A8C63FD1A408BC0006A2535 /* Main.storyboard */ = {
			isa = PBXVariantGroup;
			children = (
				1A8C63FE1A408BC0006A2535 /* Base */,
			);
			name = Main.storyboard;
			sourceTree = "<group>";
		};
		1A8C64021A408BC0006A2535 /* LaunchScreen.xib */ = {
			isa = PBXVariantGroup;
			children = (
				1A8C64031A408BC0006A2535 /* Base */,
			);
			name = LaunchScreen.xib;
			sourceTree = "<group>";
		};
/* End PBXVariantGroup section */

/* Begin XCBuildConfiguration section */
		1A8C64111A408BC0006A2535 /* Debug */ = {
			isa = XCBuildConfiguration;
			buildSettings = {
				ALWAYS_SEARCH_USER_PATHS = NO;
				CLANG_CXX_LANGUAGE_STANDARD = "gnu++0x";
				CLANG_CXX_LIBRARY = "libc++";
				CLANG_ENABLE_MODULES = YES;
				CLANG_ENABLE_OBJC_ARC = YES;
				CLANG_WARN_BOOL_CONVERSION = YES;
				CLANG_WARN_CONSTANT_CONVERSION = YES;
				CLANG_WARN_DIRECT_OBJC_ISA_USAGE = YES_ERROR;
				CLANG_WARN_EMPTY_BODY = YES;
				CLANG_WARN_ENUM_CONVERSION = YES;
				CLANG_WARN_INT_CONVERSION = YES;
				CLANG_WARN_OBJC_ROOT_CLASS = YES_ERROR;
				CLANG_WARN_UNREACHABLE_CODE = YES;
				CLANG_WARN__DUPLICATE_METHOD_MATCH = YES;
				"CODE_SIGN_IDENTITY[sdk=iphoneos*]" = "iPhone Developer";
				COPY_PHASE_STRIP = NO;
				ENABLE_STRICT_OBJC_MSGSEND = YES;
				GCC_C_LANGUAGE_STANDARD = gnu99;
				GCC_DYNAMIC_NO_PIC = NO;
				GCC_OPTIMIZATION_LEVEL = 0;
				GCC_PREPROCESSOR_DEFINITIONS = (
					"DEBUG=1",
					"$(inherited)",
				);
				GCC_SYMBOLS_PRIVATE_EXTERN = NO;
				GCC_WARN_64_TO_32_BIT_CONVERSION = YES;
				GCC_WARN_ABOUT_RETURN_TYPE = YES_ERROR;
				GCC_WARN_UNDECLARED_SELECTOR = YES;
				GCC_WARN_UNINITIALIZED_AUTOS = YES_AGGRESSIVE;
				GCC_WARN_UNUSED_FUNCTION = YES;
				GCC_WARN_UNUSED_VARIABLE = YES;
				IPHONEOS_DEPLOYMENT_TARGET = 8.1;
				MTL_ENABLE_DEBUG_INFO = YES;
				ONLY_ACTIVE_ARCH = YES;
				SDKROOT = iphoneos;
				TARGETED_DEVICE_FAMILY = "1,2";
			};
			name = Debug;
		};
		1A8C64121A408BC0006A2535 /* Release */ = {
			isa = XCBuildConfiguration;
			buildSettings = {
				ALWAYS_SEARCH_USER_PATHS = NO;
				CLANG_CXX_LANGUAGE_STANDARD = "gnu++0x";
				CLANG_CXX_LIBRARY = "libc++";
				CLANG_ENABLE_MODULES = YES;
				CLANG_ENABLE_OBJC_ARC = YES;
				CLANG_WARN_BOOL_CONVERSION = YES;
				CLANG_WARN_CONSTANT_CONVERSION = YES;
				CLANG_WARN_DIRECT_OBJC_ISA_USAGE = YES_ERROR;
				CLANG_WARN_EMPTY_BODY = YES;
				CLANG_WARN_ENUM_CONVERSION = YES;
				CLANG_WARN_INT_CONVERSION = YES;
				CLANG_WARN_OBJC_ROOT_CLASS = YES_ERROR;
				CLANG_WARN_UNREACHABLE_CODE = YES;
				CLANG_WARN__DUPLICATE_METHOD_MATCH = YES;
				"CODE_SIGN_IDENTITY[sdk=iphoneos*]" = "iPhone Developer";
				COPY_PHASE_STRIP = YES;
				ENABLE_NS_ASSERTIONS = NO;
				ENABLE_STRICT_OBJC_MSGSEND = YES;
				GCC_C_LANGUAGE_STANDARD = gnu99;
				GCC_WARN_64_TO_32_BIT_CONVERSION = YES;
				GCC_WARN_ABOUT_RETURN_TYPE = YES_ERROR;
				GCC_WARN_UNDECLARED_SELECTOR = YES;
				GCC_WARN_UNINITIALIZED_AUTOS = YES_AGGRESSIVE;
				GCC_WARN_UNUSED_FUNCTION = YES;
				GCC_WARN_UNUSED_VARIABLE = YES;
				IPHONEOS_DEPLOYMENT_TARGET = 8.1;
				MTL_ENABLE_DEBUG_INFO = NO;
				SDKROOT = iphoneos;
				TARGETED_DEVICE_FAMILY = "1,2";
				VALIDATE_PRODUCT = YES;
			};
			name = Release;
		};
		1A8C64141A408BC0006A2535 /* Debug */ = {
			isa = XCBuildConfiguration;
			buildSettings = {
				ASSETCATALOG_COMPILER_APPICON_NAME = AppIcon;
				INFOPLIST_FILE = TestApp/Info.plist;
				LD_RUNPATH_SEARCH_PATHS = "$(inherited) @executable_path/Frameworks";
				PRODUCT_NAME = "$(TARGET_NAME)";
			};
			name = Debug;
		};
		1A8C64151A408BC0006A2535 /* Release */ = {
			isa = XCBuildConfiguration;
			buildSettings = {
				ASSETCATALOG_COMPILER_APPICON_NAME = AppIcon;
				INFOPLIST_FILE = TestApp/Info.plist;
				LD_RUNPATH_SEARCH_PATHS = "$(inherited) @executable_path/Frameworks";
				PRODUCT_NAME = "$(TARGET_NAME)";
			};
			name = Release;
		};
		1A8C64171A408BC0006A2535 /* Debug */ = {
			isa = XCBuildConfiguration;
			buildSettings = {
				BUNDLE_LOADER = "$(TEST_HOST)";
				FRAMEWORK_SEARCH_PATHS = (
					"$(SDKROOT)/Developer/Library/Frameworks",
					"$(inherited)",
				);
				GCC_PREPROCESSOR_DEFINITIONS = (
					"DEBUG=1",
					"$(inherited)",
				);
				INFOPLIST_FILE = TestAppTests/Info.plist;
				LD_RUNPATH_SEARCH_PATHS = "$(inherited) @executable_path/Frameworks @loader_path/Frameworks";
				PRODUCT_NAME = "$(TARGET_NAME)";
				TEST_HOST = "$(BUILT_PRODUCTS_DIR)/TestApp.app/TestApp";
			};
			name = Debug;
		};
		1A8C64181A408BC0006A2535 /* Release */ = {
			isa = XCBuildConfiguration;
			buildSettings = {
				BUNDLE_LOADER = "$(TEST_HOST)";
				FRAMEWORK_SEARCH_PATHS = (
					"$(SDKROOT)/Developer/Library/Frameworks",
					"$(inherited)",
				);
				INFOPLIST_FILE = TestAppTests/Info.plist;
				LD_RUNPATH_SEARCH_PATHS = "$(inherited) @executable_path/Frameworks @loader_path/Frameworks";
				PRODUCT_NAME = "$(TARGET_NAME)";
				TEST_HOST = "$(BUILT_PRODUCTS_DIR)/TestApp.app/TestApp";
			};
			name = Release;
		};
/* End XCBuildConfiguration section */

/* Begin XCConfigurationList section */
		1A8C63E81A408BC0006A2535 /* Build configuration list for PBXProject "TestApp" */ = {
			isa = XCConfigurationList;
			buildConfigurations = (
				1A8C64111A408BC0006A2535 /* Debug */,
				1A8C64121A408BC0006A2535 /* Release */,
			);
			defaultConfigurationIsVisible = 0;
			defaultConfigurationName = Release;
		};
		1A8C64131A408BC0006A2535 /* Build configuration list for PBXNativeTarget "TestApp" */ = {
			isa = XCConfigurationList;
			buildConfigurations = (
				1A8C64141A408BC0006A2535 /* Debug */,
				1A8C64151A408BC0006A2535 /* Release */,
			);
			defaultConfigurationIsVisible = 0;
		};
		1A8C64161A408BC0006A2535 /* Build configuration list for PBXNativeTarget "TestAppTests" */ = {
			isa = XCConfigurationList;
			buildConfigurations = (
				1A8C64171A408BC0006A2535 /* Debug */,
				1A8C64181A408BC0006A2535 /* Release */,
			);
			defaultConfigurationIsVisible = 0;
		};
/* End XCConfigurationList section */
	};
	rootObject = 1A8C63E51A408BC0006A2535 /* Project object */;
}
